
Microsoft Visual Studio Solution File, Format Version 12.00
# Visual Studio Version 17
VisualStudioVersion = 17.12.35527.113 d17.12
MinimumVisualStudioVersion = 10.0.40219.1
Project("{FAE04EC0-301F-11D3-BF4B-00C04F79EFBC}") = "BugDemo", "BugDemo\BugDemo\BugDemo.csproj", "{D79ACA93-CBAB-4A2E-AD0D-BB53698DEA11}"
EndProject
Project("{FAE04EC0-301F-11D3-BF4B-00C04F79EFBC}") = "BugDemo.Client", "BugDemo\BugDemo.Client\BugDemo.Client.csproj", "{A3AB1F4C-4C58-4DA4-BD9C-CA776B71D8C2}"
EndProject
Global
	GlobalSection(SolutionConfigurationPlatforms) = preSolution
		Debug|Any CPU = Debug|Any CPU
		Release|Any CPU = Release|Any CPU
	EndGlobalSection
	GlobalSection(ProjectConfigurationPlatforms) = postSolution
		{D79ACA93-CBAB-4A2E-AD0D-BB53698DEA11}.Debug|Any CPU.ActiveCfg = Debug|Any CPU
		{D79ACA93-CBAB-4A2E-AD0D-BB53698DEA11}.Debug|Any CPU.Build.0 = Debug|Any CPU
		{D79ACA93-CBAB-4A2E-AD0D-BB53698DEA11}.Release|Any CPU.ActiveCfg = Release|Any CPU
		{D79ACA93-CBAB-4A2E-AD0D-BB53698DEA11}.Release|Any CPU.Build.0 = Release|Any CPU
		{A3AB1F4C-4C58-4DA4-BD9C-CA776B71D8C2}.Debug|Any CPU.ActiveCfg = Debug|Any CPU
		{A3AB1F4C-4C58-4DA4-BD9C-CA776B71D8C2}.Debug|Any CPU.Build.0 = Debug|Any CPU
		{A3AB1F4C-4C58-4DA4-BD9C-CA776B71D8C2}.Release|Any CPU.ActiveCfg = Release|Any CPU
		{A3AB1F4C-4C58-4DA4-BD9C-CA776B71D8C2}.Release|Any CPU.Build.0 = Release|Any CPU
	EndGlobalSection
	GlobalSection(SolutionProperties) = preSolution
		HideSolutionNode = FALSE
	EndGlobalSection
EndGlobal
